// !$*UTF8*$!
{
	archiveVersion = 1;
	classes = {
	};
	objectVersion = 48;
	objects = {

/* Begin PBXBuildFile section */
		4DCDDBE51F431A8A008D1D94 /* AppDelegate.m in Sources */ = {isa = PBXBuildFile; fileRef = 4DCDDBE41F431A8A008D1D94 /* AppDelegate.m */; };
		4DCDDBE81F431A8A008D1D94 /* ViewController.m in Sources */ = {isa = PBXBuildFile; fileRef = 4DCDDBE71F431A8A008D1D94 /* ViewController.m */; };
		4DCDDBEB1F431A8A008D1D94 /* Main.storyboard in Resources */ = {isa = PBXBuildFile; fileRef = 4DCDDBE91F431A8A008D1D94 /* Main.storyboard */; };
		4DCDDBED1F431A8A008D1D94 /* Assets.xcassets in Resources */ = {isa = PBXBuildFile; fileRef = 4DCDDBEC1F431A8A008D1D94 /* Assets.xcassets */; };
		4DCDDBF01F431A8A008D1D94 /* LaunchScreen.storyboard in Resources */ = {isa = PBXBuildFile; fileRef = 4DCDDBEE1F431A8A008D1D94 /* LaunchScreen.storyboard */; };
		4DCDDBF31F431A8A008D1D94 /* main.m in Sources */ = {isa = PBXBuildFile; fileRef = 4DCDDBF21F431A8A008D1D94 /* main.m */; };
		4DCDDBFD1F434046008D1D94 /* GZImaheView.m in Sources */ = {isa = PBXBuildFile; fileRef = 4DCDDBFC1F434046008D1D94 /* GZImaheView.m */; };
		4DCDDC001F435970008D1D94 /* GZTableView1.m in Sources */ = {isa = PBXBuildFile; fileRef = 4DCDDBFF1F435970008D1D94 /* GZTableView1.m */; };
		4DCDDC031F4359C2008D1D94 /* GZTableView2.m in Sources */ = {isa = PBXBuildFile; fileRef = 4DCDDC021F4359C2008D1D94 /* GZTableView2.m */; };
		4DCDDC061F4359D4008D1D94 /* GZTableView3.m in Sources */ = {isa = PBXBuildFile; fileRef = 4DCDDC051F4359D4008D1D94 /* GZTableView3.m */; };
		4DCDDC091F435A22008D1D94 /* GZContentScrollView.m in Sources */ = {isa = PBXBuildFile; fileRef = 4DCDDC081F435A22008D1D94 /* GZContentScrollView.m */; };
		4DCDDC0C1F435B1C008D1D94 /* GZTitleView.m in Sources */ = {isa = PBXBuildFile; fileRef = 4DCDDC0B1F435B1C008D1D94 /* GZTitleView.m */; };
		4DCDDC0F1F436844008D1D94 /* GZHeaderView.m in Sources */ = {isa = PBXBuildFile; fileRef = 4DCDDC0E1F436844008D1D94 /* GZHeaderView.m */; };
		4DCDDC121F436DB2008D1D94 /* UIView+GZKit.m in Sources */ = {isa = PBXBuildFile; fileRef = 4DCDDC111F436DB2008D1D94 /* UIView+GZKit.m */; };
		BD54A3852A23301596D6354B /* libPods-高仿简书.a in Frameworks */ = {isa = PBXBuildFile; fileRef = 60BB14E02BD24DC37E863DCF /* libPods-高仿简书.a */; };
/* End PBXBuildFile section */

/* Begin PBXFileReference section */
		352177A9014461EE472A276D /* Pods-高仿简书.release.xcconfig */ = {isa = PBXFileReference; includeInIndex = 1; lastKnownFileType = text.xcconfig; name = "Pods-高仿简书.release.xcconfig"; path = "Pods/Target Support Files/Pods-高仿简书/Pods-高仿简书.release.xcconfig"; sourceTree = "<group>"; };
		4DCDDBE01F431A8A008D1D94 /* 高仿简书.app */ = {isa = PBXFileReference; explicitFileType = wrapper.application; includeInIndex = 0; path = "高仿简书.app"; sourceTree = BUILT_PRODUCTS_DIR; };
		4DCDDBE31F431A8A008D1D94 /* AppDelegate.h */ = {isa = PBXFileReference; lastKnownFileType = sourcecode.c.h; path = AppDelegate.h; sourceTree = "<group>"; };
		4DCDDBE41F431A8A008D1D94 /* AppDelegate.m */ = {isa = PBXFileReference; lastKnownFileType = sourcecode.c.objc; path = AppDelegate.m; sourceTree = "<group>"; };
		4DCDDBE61F431A8A008D1D94 /* ViewController.h */ = {isa = PBXFileReference; lastKnownFileType = sourcecode.c.h; path = ViewController.h; sourceTree = "<group>"; };
		4DCDDBE71F431A8A008D1D94 /* ViewController.m */ = {isa = PBXFileReference; lastKnownFileType = sourcecode.c.objc; path = ViewController.m; sourceTree = "<group>"; };
		4DCDDBEA1F431A8A008D1D94 /* Base */ = {isa = PBXFileReference; lastKnownFileType = file.storyboard; name = Base; path = Base.lproj/Main.storyboard; sourceTree = "<group>"; };
		4DCDDBEC1F431A8A008D1D94 /* Assets.xcassets */ = {isa = PBXFileReference; lastKnownFileType = folder.assetcatalog; path = Assets.xcassets; sourceTree = "<group>"; };
		4DCDDBEF1F431A8A008D1D94 /* Base */ = {isa = PBXFileReference; lastKnownFileType = file.storyboard; name = Base; path = Base.lproj/LaunchScreen.storyboard; sourceTree = "<group>"; };
		4DCDDBF11F431A8A008D1D94 /* Info.plist */ = {isa = PBXFileReference; lastKnownFileType = text.plist.xml; path = Info.plist; sourceTree = "<group>"; };
		4DCDDBF21F431A8A008D1D94 /* main.m */ = {isa = PBXFileReference; lastKnownFileType = sourcecode.c.objc; path = main.m; sourceTree = "<group>"; };
		4DCDDBFB1F434046008D1D94 /* GZImaheView.h */ = {isa = PBXFileReference; lastKnownFileType = sourcecode.c.h; path = GZImaheView.h; sourceTree = "<group>"; };
		4DCDDBFC1F434046008D1D94 /* GZImaheView.m */ = {isa = PBXFileReference; lastKnownFileType = sourcecode.c.objc; path = GZImaheView.m; sourceTree = "<group>"; };
		4DCDDBFE1F435970008D1D94 /* GZTableView1.h */ = {isa = PBXFileReference; lastKnownFileType = sourcecode.c.h; path = GZTableView1.h; sourceTree = "<group>"; };
		4DCDDBFF1F435970008D1D94 /* GZTableView1.m */ = {isa = PBXFileReference; lastKnownFileType = sourcecode.c.objc; path = GZTableView1.m; sourceTree = "<group>"; };
		4DCDDC011F4359C2008D1D94 /* GZTableView2.h */ = {isa = PBXFileReference; lastKnownFileType = sourcecode.c.h; path = GZTableView2.h; sourceTree = "<group>"; };
		4DCDDC021F4359C2008D1D94 /* GZTableView2.m */ = {isa = PBXFileReference; lastKnownFileType = sourcecode.c.objc; path = GZTableView2.m; sourceTree = "<group>"; };
		4DCDDC041F4359D4008D1D94 /* GZTableView3.h */ = {isa = PBXFileReference; lastKnownFileType = sourcecode.c.h; path = GZTableView3.h; sourceTree = "<group>"; };
		4DCDDC051F4359D4008D1D94 /* GZTableView3.m */ = {isa = PBXFileReference; lastKnownFileType = sourcecode.c.objc; path = GZTableView3.m; sourceTree = "<group>"; };
		4DCDDC071F435A22008D1D94 /* GZContentScrollView.h */ = {isa = PBXFileReference; lastKnownFileType = sourcecode.c.h; path = GZContentScrollView.h; sourceTree = "<group>"; };
		4DCDDC081F435A22008D1D94 /* GZContentScrollView.m */ = {isa = PBXFileReference; lastKnownFileType = sourcecode.c.objc; path = GZContentScrollView.m; sourceTree = "<group>"; };
		4DCDDC0A1F435B1C008D1D94 /* GZTitleView.h */ = {isa = PBXFileReference; lastKnownFileType = sourcecode.c.h; path = GZTitleView.h; sourceTree = "<group>"; };
		4DCDDC0B1F435B1C008D1D94 /* GZTitleView.m */ = {isa = PBXFileReference; lastKnownFileType = sourcecode.c.objc; path = GZTitleView.m; sourceTree = "<group>"; };
		4DCDDC0D1F436844008D1D94 /* GZHeaderView.h */ = {isa = PBXFileReference; lastKnownFileType = sourcecode.c.h; path = GZHeaderView.h; sourceTree = "<group>"; };
		4DCDDC0E1F436844008D1D94 /* GZHeaderView.m */ = {isa = PBXFileReference; lastKnownFileType = sourcecode.c.objc; path = GZHeaderView.m; sourceTree = "<group>"; };
		4DCDDC101F436DB2008D1D94 /* UIView+GZKit.h */ = {isa = PBXFileReference; lastKnownFileType = sourcecode.c.h; path = "UIView+GZKit.h"; sourceTree = "<group>"; };
		4DCDDC111F436DB2008D1D94 /* UIView+GZKit.m */ = {isa = PBXFileReference; lastKnownFileType = sourcecode.c.objc; path = "UIView+GZKit.m"; sourceTree = "<group>"; };
		60BB14E02BD24DC37E863DCF /* libPods-高仿简书.a */ = {isa = PBXFileReference; explicitFileType = archive.ar; includeInIndex = 0; path = "libPods-高仿简书.a"; sourceTree = BUILT_PRODUCTS_DIR; };
		B8DF279510DCA4738B0D7775 /* Pods-高仿简书.debug.xcconfig */ = {isa = PBXFileReference; includeInIndex = 1; lastKnownFileType = text.xcconfig; name = "Pods-高仿简书.debug.xcconfig"; path = "Pods/Target Support Files/Pods-高仿简书/Pods-高仿简书.debug.xcconfig"; sourceTree = "<group>"; };
/* End PBXFileReference section */

/* Begin PBXFrameworksBuildPhase section */
		4DCDDBDD1F431A8A008D1D94 /* Frameworks */ = {
			isa = PBXFrameworksBuildPhase;
			buildActionMask = 2147483647;
			files = (
				BD54A3852A23301596D6354B /* libPods-高仿简书.a in Frameworks */,
			);
			runOnlyForDeploymentPostprocessing = 0;
		};
/* End PBXFrameworksBuildPhase section */

/* Begin PBXGroup section */
		4DCDDBD71F431A8A008D1D94 = {
			isa = PBXGroup;
			children = (
				4DCDDBE21F431A8A008D1D94 /* 高仿简书 */,
				4DCDDBE11F431A8A008D1D94 /* Products */,
				EE29A679279185CC6E023AF2 /* Pods */,
				9C2565C964C167E81EDC42A3 /* Frameworks */,
			);
			sourceTree = "<group>";
		};
		4DCDDBE11F431A8A008D1D94 /* Products */ = {
			isa = PBXGroup;
			children = (
				4DCDDBE01F431A8A008D1D94 /* 高仿简书.app */,
			);
			name = Products;
			sourceTree = "<group>";
		};
		4DCDDBE21F431A8A008D1D94 /* 高仿简书 */ = {
			isa = PBXGroup;
			children = (
				4DCDDBF91F433A75008D1D94 /* Controller */,
				4DCDDBFA1F433A75008D1D94 /* View */,
				4DCDDBE31F431A8A008D1D94 /* AppDelegate.h */,
				4DCDDBE41F431A8A008D1D94 /* AppDelegate.m */,
				4DCDDBE61F431A8A008D1D94 /* ViewController.h */,
				4DCDDBE71F431A8A008D1D94 /* ViewController.m */,
				4DCDDBE91F431A8A008D1D94 /* Main.storyboard */,
				4DCDDBEC1F431A8A008D1D94 /* Assets.xcassets */,
				4DCDDBEE1F431A8A008D1D94 /* LaunchScreen.storyboard */,
				4DCDDBF11F431A8A008D1D94 /* Info.plist */,
				4DCDDBF21F431A8A008D1D94 /* main.m */,
			);
			path = "高仿简书";
			sourceTree = "<group>";
		};
		4DCDDBF91F433A75008D1D94 /* Controller */ = {
			isa = PBXGroup;
			children = (
				4DCDDBFE1F435970008D1D94 /* GZTableView1.h */,
				4DCDDBFF1F435970008D1D94 /* GZTableView1.m */,
				4DCDDC011F4359C2008D1D94 /* GZTableView2.h */,
				4DCDDC021F4359C2008D1D94 /* GZTableView2.m */,
				4DCDDC041F4359D4008D1D94 /* GZTableView3.h */,
				4DCDDC051F4359D4008D1D94 /* GZTableView3.m */,
			);
			path = Controller;
			sourceTree = "<group>";
		};
		4DCDDBFA1F433A75008D1D94 /* View */ = {
			isa = PBXGroup;
			children = (
				4DCDDC101F436DB2008D1D94 /* UIView+GZKit.h */,
				4DCDDC111F436DB2008D1D94 /* UIView+GZKit.m */,
				4DCDDBFB1F434046008D1D94 /* GZImaheView.h */,
				4DCDDBFC1F434046008D1D94 /* GZImaheView.m */,
				4DCDDC071F435A22008D1D94 /* GZContentScrollView.h */,
				4DCDDC081F435A22008D1D94 /* GZContentScrollView.m */,
				4DCDDC0B1F435B1C008D1D94 /* GZTitleView.m */,
				4DCDDC0A1F435B1C008D1D94 /* GZTitleView.h */,
				4DCDDC0D1F436844008D1D94 /* GZHeaderView.h */,
				4DCDDC0E1F436844008D1D94 /* GZHeaderView.m */,
			);
			path = View;
			sourceTree = "<group>";
		};
		9C2565C964C167E81EDC42A3 /* Frameworks */ = {
			isa = PBXGroup;
			children = (
				60BB14E02BD24DC37E863DCF /* libPods-高仿简书.a */,
			);
			name = Frameworks;
			sourceTree = "<group>";
		};
		EE29A679279185CC6E023AF2 /* Pods */ = {
			isa = PBXGroup;
			children = (
				B8DF279510DCA4738B0D7775 /* Pods-高仿简书.debug.xcconfig */,
				352177A9014461EE472A276D /* Pods-高仿简书.release.xcconfig */,
			);
			name = Pods;
			sourceTree = "<group>";
		};
/* End PBXGroup section */

/* Begin PBXNativeTarget section */
		4DCDDBDF1F431A8A008D1D94 /* 高仿简书 */ = {
			isa = PBXNativeTarget;
			buildConfigurationList = 4DCDDBF61F431A8A008D1D94 /* Build configuration list for PBXNativeTarget "高仿简书" */;
			buildPhases = (
				44AD49BC7C860EA821C24CE3 /* [CP] Check Pods Manifest.lock */,
				4DCDDBDC1F431A8A008D1D94 /* Sources */,
				4DCDDBDD1F431A8A008D1D94 /* Frameworks */,
				4DCDDBDE1F431A8A008D1D94 /* Resources */,
				4690915C168E5B9F838A35A5 /* [CP] Embed Pods Frameworks */,
				F210C3432F1259ACF56FAA81 /* [CP] Copy Pods Resources */,
			);
			buildRules = (
			);
			dependencies = (
			);
			name = "高仿简书";
			productName = "高仿简书";
			productReference = 4DCDDBE01F431A8A008D1D94 /* 高仿简书.app */;
			productType = "com.apple.product-type.application";
		};
/* End PBXNativeTarget section */

/* Begin PBXProject section */
		4DCDDBD81F431A8A008D1D94 /* Project object */ = {
			isa = PBXProject;
			attributes = {
				LastUpgradeCheck = 0900;
				ORGANIZATIONNAME = Mr.quan;
				TargetAttributes = {
					4DCDDBDF1F431A8A008D1D94 = {
						CreatedOnToolsVersion = 9.0;
					};
				};
			};
			buildConfigurationList = 4DCDDBDB1F431A8A008D1D94 /* Build configuration list for PBXProject "高仿简书" */;
			compatibilityVersion = "Xcode 8.0";
			developmentRegion = en;
			hasScannedForEncodings = 0;
			knownRegions = (
				en,
				Base,
			);
			mainGroup = 4DCDDBD71F431A8A008D1D94;
			productRefGroup = 4DCDDBE11F431A8A008D1D94 /* Products */;
			projectDirPath = "";
			projectRoot = "";
			targets = (
				4DCDDBDF1F431A8A008D1D94 /* 高仿简书 */,
			);
		};
/* End PBXProject section */

/* Begin PBXResourcesBuildPhase section */
		4DCDDBDE1F431A8A008D1D94 /* Resources */ = {
			isa = PBXResourcesBuildPhase;
			buildActionMask = 2147483647;
			files = (
				4DCDDBF01F431A8A008D1D94 /* LaunchScreen.storyboard in Resources */,
				4DCDDBED1F431A8A008D1D94 /* Assets.xcassets in Resources */,
				4DCDDBEB1F431A8A008D1D94 /* Main.storyboard in Resources */,
			);
			runOnlyForDeploymentPostprocessing = 0;
		};
/* End PBXResourcesBuildPhase section */

/* Begin PBXShellScriptBuildPhase section */
		44AD49BC7C860EA821C24CE3 /* [CP] Check Pods Manifest.lock */ = {
			isa = PBXShellScriptBuildPhase;
			buildActionMask = 2147483647;
			files = (
			);
			inputPaths = (
			);
			name = "[CP] Check Pods Manifest.lock";
			outputPaths = (
			);
			runOnlyForDeploymentPostprocessing = 0;
			shellPath = /bin/sh;
			shellScript = "diff \"${PODS_PODFILE_DIR_PATH}/Podfile.lock\" \"${PODS_ROOT}/Manifest.lock\" > /dev/null\nif [ $? != 0 ] ; then\n    # print error to STDERR\n    echo \"error: The sandbox is not in sync with the Podfile.lock. Run 'pod install' or update your CocoaPods installation.\" >&2\n    exit 1\nfi\n";
			showEnvVarsInLog = 0;
		};
		4690915C168E5B9F838A35A5 /* [CP] Embed Pods Frameworks */ = {
			isa = PBXShellScriptBuildPhase;
			buildActionMask = 2147483647;
			files = (
			);
			inputPaths = (
			);
			name = "[CP] Embed Pods Frameworks";
			outputPaths = (
			);
			runOnlyForDeploymentPostprocessing = 0;
			shellPath = /bin/sh;
			shellScript = "\"${SRCROOT}/Pods/Target Support Files/Pods-高仿简书/Pods-高仿简书-frameworks.sh\"\n";
			showEnvVarsInLog = 0;
		};
		F210C3432F1259ACF56FAA81 /* [CP] Copy Pods Resources */ = {
			isa = PBXShellScriptBuildPhase;
			buildActionMask = 2147483647;
			files = (
			);
			inputPaths = (
			);
			name = "[CP] Copy Pods Resources";
			outputPaths = (
			);
			runOnlyForDeploymentPostprocessing = 0;
			shellPath = /bin/sh;
			shellScript = "\"${SRCROOT}/Pods/Target Support Files/Pods-高仿简书/Pods-高仿简书-resources.sh\"\n";
			showEnvVarsInLog = 0;
		};
/* End PBXShellScriptBuildPhase section */

/* Begin PBXSourcesBuildPhase section */
		4DCDDBDC1F431A8A008D1D94 /* Sources */ = {
			isa = PBXSourcesBuildPhase;
			buildActionMask = 2147483647;
			files = (
				4DCDDC061F4359D4008D1D94 /* GZTableView3.m in Sources */,
				4DCDDBFD1F434046008D1D94 /* GZImaheView.m in Sources */,
				4DCDDC0C1F435B1C008D1D94 /* GZTitleView.m in Sources */,
				4DCDDBE81F431A8A008D1D94 /* ViewController.m in Sources */,
				4DCDDC121F436DB2008D1D94 /* UIView+GZKit.m in Sources */,
				4DCDDC0F1F436844008D1D94 /* GZHeaderView.m in Sources */,
				4DCDDBF31F431A8A008D1D94 /* main.m in Sources */,
				4DCDDBE51F431A8A008D1D94 /* AppDelegate.m in Sources */,
				4DCDDC001F435970008D1D94 /* GZTableView1.m in Sources */,
				4DCDDC091F435A22008D1D94 /* GZContentScrollView.m in Sources */,
				4DCDDC031F4359C2008D1D94 /* GZTableView2.m in Sources */,
			);
			runOnlyForDeploymentPostprocessing = 0;
		};
/* End PBXSourcesBuildPhase section */

/* Begin PBXVariantGroup section */
		4DCDDBE91F431A8A008D1D94 /* Main.storyboard */ = {
			isa = PBXVariantGroup;
			children = (
				4DCDDBEA1F431A8A008D1D94 /* Base */,
			);
			name = Main.storyboard;
			sourceTree = "<group>";
		};
		4DCDDBEE1F431A8A008D1D94 /* LaunchScreen.storyboard */ = {
			isa = PBXVariantGroup;
			children = (
				4DCDDBEF1F431A8A008D1D94 /* Base */,
			);
			name = LaunchScreen.storyboard;
			sourceTree = "<group>";
		};
/* End PBXVariantGroup section */

/* Begin XCBuildConfiguration section */
		4DCDDBF41F431A8A008D1D94 /* Debug */ = {
			isa = XCBuildConfiguration;
			buildSettings = {
				ALWAYS_SEARCH_USER_PATHS = NO;
				CLANG_ANALYZER_NONNULL = YES;
				CLANG_ANALYZER_NUMBER_OBJECT_CONVERSION = YES_AGGRESSIVE;
				CLANG_CXX_LANGUAGE_STANDARD = "gnu++14";
				CLANG_CXX_LIBRARY = "libc++";
				CLANG_ENABLE_MODULES = YES;
				CLANG_ENABLE_OBJC_ARC = YES;
				CLANG_WARN_BLOCK_CAPTURE_AUTORELEASING = YES;
				CLANG_WARN_BOOL_CONVERSION = YES;
				CLANG_WARN_COMMA = YES;
				CLANG_WARN_CONSTANT_CONVERSION = YES;
				CLANG_WARN_DIRECT_OBJC_ISA_USAGE = YES_ERROR;
				CLANG_WARN_DOCUMENTATION_COMMENTS = YES;
				CLANG_WARN_EMPTY_BODY = YES;
				CLANG_WARN_ENUM_CONVERSION = YES;
				CLANG_WARN_INFINITE_RECURSION = YES;
				CLANG_WARN_INT_CONVERSION = YES;
				CLANG_WARN_NON_LITERAL_NULL_CONVERSION = YES;
				CLANG_WARN_OBJC_LITERAL_CONVERSION = YES;
				CLANG_WARN_OBJC_ROOT_CLASS = YES_ERROR;
				CLANG_WARN_RANGE_LOOP_ANALYSIS = YES;
				CLANG_WARN_STRICT_PROTOTYPES = YES;
				CLANG_WARN_SUSPICIOUS_MOVE = YES;
				CLANG_WARN_UNGUARDED_AVAILABILITY = YES_AGGRESSIVE;
				CLANG_WARN_UNREACHABLE_CODE = YES;
				CLANG_WARN__DUPLICATE_METHOD_MATCH = YES;
				CODE_SIGN_IDENTITY = "iPhone Developer";
				COPY_PHASE_STRIP = NO;
				DEBUG_INFORMATION_FORMAT = dwarf;
				ENABLE_STRICT_OBJC_MSGSEND = YES;
				ENABLE_TESTABILITY = YES;
				GCC_C_LANGUAGE_STANDARD = gnu11;
				GCC_DYNAMIC_NO_PIC = NO;
				GCC_NO_COMMON_BLOCKS = YES;
				GCC_OPTIMIZATION_LEVEL = 0;
				GCC_PREPROCESSOR_DEFINITIONS = (
					"DEBUG=1",
					"$(inherited)",
				);
				GCC_WARN_64_TO_32_BIT_CONVERSION = YES;
				GCC_WARN_ABOUT_RETURN_TYPE = YES_ERROR;
				GCC_WARN_UNDECLARED_SELECTOR = YES;
				GCC_WARN_UNINITIALIZED_AUTOS = YES_AGGRESSIVE;
				GCC_WARN_UNUSED_FUNCTION = YES;
				GCC_WARN_UNUSED_VARIABLE = YES;
				IPHONEOS_DEPLOYMENT_TARGET = 11.0;
				MTL_ENABLE_DEBUG_INFO = YES;
				ONLY_ACTIVE_ARCH = YES;
				SDKROOT = iphoneos;
			};
			name = Debug;
		};
		4DCDDBF51F431A8A008D1D94 /* Release */ = {
			isa = XCBuildConfiguration;
			buildSettings = {
				ALWAYS_SEARCH_USER_PATHS = NO;
				CLANG_ANALYZER_NONNULL = YES;
				CLANG_ANALYZER_NUMBER_OBJECT_CONVERSION = YES_AGGRESSIVE;
				CLANG_CXX_LANGUAGE_STANDARD = "gnu++14";
				CLANG_CXX_LIBRARY = "libc++";
				CLANG_ENABLE_MODULES = YES;
				CLANG_ENABLE_OBJC_ARC = YES;
				CLANG_WARN_BLOCK_CAPTURE_AUTORELEASING = YES;
				CLANG_WARN_BOOL_CONVERSION = YES;
				CLANG_WARN_COMMA = YES;
				CLANG_WARN_CONSTANT_CONVERSION = YES;
				CLANG_WARN_DIRECT_OBJC_ISA_USAGE = YES_ERROR;
				CLANG_WARN_DOCUMENTATION_COMMENTS = YES;
				CLANG_WARN_EMPTY_BODY = YES;
				CLANG_WARN_ENUM_CONVERSION = YES;
				CLANG_WARN_INFINITE_RECURSION = YES;
				CLANG_WARN_INT_CONVERSION = YES;
				CLANG_WARN_NON_LITERAL_NULL_CONVERSION = YES;
				CLANG_WARN_OBJC_LITERAL_CONVERSION = YES;
				CLANG_WARN_OBJC_ROOT_CLASS = YES_ERROR;
				CLANG_WARN_RANGE_LOOP_ANALYSIS = YES;
				CLANG_WARN_STRICT_PROTOTYPES = YES;
				CLANG_WARN_SUSPICIOUS_MOVE = YES;
				CLANG_WARN_UNGUARDED_AVAILABILITY = YES_AGGRESSIVE;
				CLANG_WARN_UNREACHABLE_CODE = YES;
				CLANG_WARN__DUPLICATE_METHOD_MATCH = YES;
				CODE_SIGN_IDENTITY = "iPhone Developer";
				COPY_PHASE_STRIP = NO;
				DEBUG_INFORMATION_FORMAT = "dwarf-with-dsym";
				ENABLE_NS_ASSERTIONS = NO;
				ENABLE_STRICT_OBJC_MSGSEND = YES;
				GCC_C_LANGUAGE_STANDARD = gnu11;
				GCC_NO_COMMON_BLOCKS = YES;
				GCC_WARN_64_TO_32_BIT_CONVERSION = YES;
				GCC_WARN_ABOUT_RETURN_TYPE = YES_ERROR;
				GCC_WARN_UNDECLARED_SELECTOR = YES;
				GCC_WARN_UNINITIALIZED_AUTOS = YES_AGGRESSIVE;
				GCC_WARN_UNUSED_FUNCTION = YES;
				GCC_WARN_UNUSED_VARIABLE = YES;
				IPHONEOS_DEPLOYMENT_TARGET = 11.0;
				MTL_ENABLE_DEBUG_INFO = NO;
				SDKROOT = iphoneos;
				VALIDATE_PRODUCT = YES;
			};
			name = Release;
		};
		4DCDDBF71F431A8A008D1D94 /* Debug */ = {
			isa = XCBuildConfiguration;
			baseConfigurationReference = B8DF279510DCA4738B0D7775 /* Pods-高仿简书.debug.xcconfig */;
			buildSettings = {
				ASSETCATALOG_COMPILER_APPICON_NAME = AppIcon;
				DEVELOPMENT_TEAM = 57233LSM9E;
				INFOPLIST_FILE = "高仿简书/Info.plist";
				LD_RUNPATH_SEARCH_PATHS = "$(inherited) @executable_path/Frameworks";
				PRODUCT_BUNDLE_IDENTIFIER = "gangzi.----";
				PRODUCT_NAME = "$(TARGET_NAME)";
				TARGETED_DEVICE_FAMILY = "1,2";
			};
			name = Debug;
		};
		4DCDDBF81F431A8A008D1D94 /* Release */ = {
			isa = XCBuildConfiguration;
			baseConfigurationReference = 352177A9014461EE472A276D /* Pods-高仿简书.release.xcconfig */;
			buildSettings = {
				ASSETCATALOG_COMPILER_APPICON_NAME = AppIcon;
				DEVELOPMENT_TEAM = 57233LSM9E;
				INFOPLIST_FILE = "高仿简书/Info.plist";
				LD_RUNPATH_SEARCH_PATHS = "$(inherited) @executable_path/Frameworks";
				PRODUCT_BUNDLE_IDENTIFIER = "gangzi.----";
				PRODUCT_NAME = "$(TARGET_NAME)";
				TARGETED_DEVICE_FAMILY = "1,2";
			};
			name = Release;
		};
/* End XCBuildConfiguration section */

/* Begin XCConfigurationList section */
		4DCDDBDB1F431A8A008D1D94 /* Build configuration list for PBXProject "高仿简书" */ = {
			isa = XCConfigurationList;
			buildConfigurations = (
				4DCDDBF41F431A8A008D1D94 /* Debug */,
				4DCDDBF51F431A8A008D1D94 /* Release */,
			);
			defaultConfigurationIsVisible = 0;
			defaultConfigurationName = Release;
		};
		4DCDDBF61F431A8A008D1D94 /* Build configuration list for PBXNativeTarget "高仿简书" */ = {
			isa = XCConfigurationList;
			buildConfigurations = (
				4DCDDBF71F431A8A008D1D94 /* Debug */,
				4DCDDBF81F431A8A008D1D94 /* Release */,
			);
			defaultConfigurationIsVisible = 0;
			defaultConfigurationName = Release;
		};
/* End XCConfigurationList section */
	};
	rootObject = 4DCDDBD81F431A8A008D1D94 /* Project object */;
}
